
Microsoft Visual Studio Solution File, Format Version 12.00
# Visual Studio Version 16
VisualStudioVersion = 16.0.32002.261
MinimumVisualStudioVersion = 10.0.40219.1
Project("{FAE04EC0-301F-11D3-BF4B-00C04F79EFBC}") = "ServerCodeRest_20160140049_HafidzEkaPradana", "ServerCodeRest_20160140049_HafidzEkaPradana\ServerCodeRest_20160140049_HafidzEkaPradana.csproj", "{DABEAB8E-975B-454E-950A-CD740A5C4F40}"
EndProject
Global
	GlobalSection(SolutionConfigurationPlatforms) = preSolution
		Debug|Any CPU = Debug|Any CPU
		Release|Any CPU = Release|Any CPU
	EndGlobalSection
	GlobalSection(ProjectConfigurationPlatforms) = postSolution
		{DABEAB8E-975B-454E-950A-CD740A5C4F40}.Debug|Any CPU.ActiveCfg = Debug|Any CPU
		{DABEAB8E-975B-454E-950A-CD740A5C4F40}.Debug|Any CPU.Build.0 = Debug|Any CPU
		{DABEAB8E-975B-454E-950A-CD740A5C4F40}.Release|Any CPU.ActiveCfg = Release|Any CPU
		{DABEAB8E-975B-454E-950A-CD740A5C4F40}.Release|Any CPU.Build.0 = Release|Any CPU
	EndGlobalSection
	GlobalSection(SolutionProperties) = preSolution
		HideSolutionNode = FALSE
	EndGlobalSection
	GlobalSection(ExtensibilityGlobals) = postSolution
		SolutionGuid = {71CF67E6-8F61-48EA-82FF-9E841EE72106}
	EndGlobalSection
EndGlobal
